
Microsoft Visual Studio Solution File, Format Version 12.00
# Visual Studio Version 17
VisualStudioVersion = 17.14.36301.6 d17.14
MinimumVisualStudioVersion = 10.0.40219.1
Project("{FAE04EC0-301F-11D3-BF4B-00C04F79EFBC}") = "SchoolApp.Api", "SchoolApp.Api.csproj", "{BB2D75D8-1308-43E2-BFB2-C9A7247CFA4D}"
EndProject
Global
	GlobalSection(SolutionConfigurationPlatforms) = preSolution
		Debug|Any CPU = Debug|Any CPU
		Release|Any CPU = Release|Any CPU
	EndGlobalSection
	GlobalSection(ProjectConfigurationPlatforms) = postSolution
		{BB2D75D8-1308-43E2-BFB2-C9A7247CFA4D}.Debug|Any CPU.ActiveCfg = Debug|Any CPU
		{BB2D75D8-1308-43E2-BFB2-C9A7247CFA4D}.Debug|Any CPU.Build.0 = Debug|Any CPU
		{BB2D75D8-1308-43E2-BFB2-C9A7247CFA4D}.Release|Any CPU.ActiveCfg = Release|Any CPU
		{BB2D75D8-1308-43E2-BFB2-C9A7247CFA4D}.Release|Any CPU.Build.0 = Release|Any CPU
	EndGlobalSection
	GlobalSection(SolutionProperties) = preSolution
		HideSolutionNode = FALSE
	EndGlobalSection
	GlobalSection(ExtensibilityGlobals) = postSolution
		SolutionGuid = {1216ED3B-27C2-407C-93AF-F0275E0C6804}
	EndGlobalSection
EndGlobal
